
Microsoft Visual Studio Solution File, Format Version 12.00
# Visual Studio 14
VisualStudioVersion = 14.0.25420.1
MinimumVisualStudioVersion = 10.0.40219.1
Project("{F184B08F-C81C-45F6-A57F-5ABD9991F28F}") = "facebook_login", "facebook_login\facebook_login.vbproj", "{25167C44-B4D3-4532-A30E-B1A5D62C0785}"
EndProject
Global
	GlobalSection(SolutionConfigurationPlatforms) = preSolution
		Debug|Any CPU = Debug|Any CPU
		Release|Any CPU = Release|Any CPU
	EndGlobalSection
	GlobalSection(ProjectConfigurationPlatforms) = postSolution
		{25167C44-B4D3-4532-A30E-B1A5D62C0785}.Debug|Any CPU.ActiveCfg = Debug|Any CPU
		{25167C44-B4D3-4532-A30E-B1A5D62C0785}.Debug|Any CPU.Build.0 = Debug|Any CPU
		{25167C44-B4D3-4532-A30E-B1A5D62C0785}.Release|Any CPU.ActiveCfg = Release|Any CPU
		{25167C44-B4D3-4532-A30E-B1A5D62C0785}.Release|Any CPU.Build.0 = Release|Any CPU
	EndGlobalSection
	GlobalSection(SolutionProperties) = preSolution
		HideSolutionNode = FALSE
	EndGlobalSection
EndGlobal
